
Microsoft Visual Studio Solution File, Format Version 12.00
# Visual Studio Version 17
VisualStudioVersion = 17.9.34723.18
MinimumVisualStudioVersion = 10.0.40219.1
Project("{9A19103F-16F7-4668-BE54-9A1E7A4F7556}") = "THSDotNetCore.ConsoleApp", "THSDotNetCore.ConsoleApp\THSDotNetCore.ConsoleApp.csproj", "{14E91F36-0C38-4AF0-BAAD-498A8DEDA7D1}"
EndProject
Project("{2150E333-8FDC-42A3-9474-1A3956D46DE8}") = "Documents", "Documents", "{13EA3D8B-B856-465E-9819-4D4A6B215291}"
	ProjectSection(SolutionItems) = preProject
		DotNetTrainingBatch4.sql = DotNetTrainingBatch4.sql
		README.md = README.md
	EndProjectSection
EndProject
Project("{9A19103F-16F7-4668-BE54-9A1E7A4F7556}") = "THSDotNetCore.RestApi", "THSDotNetCore.RestApi\THSDotNetCore.RestApi.csproj", "{D4DE6B28-FE48-490F-9FF2-BE8C1AC3DB0F}"
EndProject
Project("{FAE04EC0-301F-11D3-BF4B-00C04F79EFBC}") = "THSDotNetCore.Shared", "THSDotNetCore.Shared\THSDotNetCore.Shared.csproj", "{589751DC-65FE-4851-8A76-C59BAF5D4954}"
EndProject
Global
	GlobalSection(SolutionConfigurationPlatforms) = preSolution
		Debug|Any CPU = Debug|Any CPU
		Release|Any CPU = Release|Any CPU
	EndGlobalSection
	GlobalSection(ProjectConfigurationPlatforms) = postSolution
		{14E91F36-0C38-4AF0-BAAD-498A8DEDA7D1}.Debug|Any CPU.ActiveCfg = Debug|Any CPU
		{14E91F36-0C38-4AF0-BAAD-498A8DEDA7D1}.Debug|Any CPU.Build.0 = Debug|Any CPU
		{14E91F36-0C38-4AF0-BAAD-498A8DEDA7D1}.Release|Any CPU.ActiveCfg = Release|Any CPU
		{14E91F36-0C38-4AF0-BAAD-498A8DEDA7D1}.Release|Any CPU.Build.0 = Release|Any CPU
		{D4DE6B28-FE48-490F-9FF2-BE8C1AC3DB0F}.Debug|Any CPU.ActiveCfg = Debug|Any CPU
		{D4DE6B28-FE48-490F-9FF2-BE8C1AC3DB0F}.Debug|Any CPU.Build.0 = Debug|Any CPU
		{D4DE6B28-FE48-490F-9FF2-BE8C1AC3DB0F}.Release|Any CPU.ActiveCfg = Release|Any CPU
		{D4DE6B28-FE48-490F-9FF2-BE8C1AC3DB0F}.Release|Any CPU.Build.0 = Release|Any CPU
		{589751DC-65FE-4851-8A76-C59BAF5D4954}.Debug|Any CPU.ActiveCfg = Debug|Any CPU
		{589751DC-65FE-4851-8A76-C59BAF5D4954}.Debug|Any CPU.Build.0 = Debug|Any CPU
		{589751DC-65FE-4851-8A76-C59BAF5D4954}.Release|Any CPU.ActiveCfg = Release|Any CPU
		{589751DC-65FE-4851-8A76-C59BAF5D4954}.Release|Any CPU.Build.0 = Release|Any CPU
	EndGlobalSection
	GlobalSection(SolutionProperties) = preSolution
		HideSolutionNode = FALSE
	EndGlobalSection
	GlobalSection(ExtensibilityGlobals) = postSolution
		SolutionGuid = {1DAD7C95-F25A-4936-90C9-1474F19556A0}
	EndGlobalSection
EndGlobal
